{
  "nodes": {
    "nixpkgs": {
      "locked": {
        "lastModified": 1634791559,
        "narHash": "sha256-aDtid50ANyN9OxHlfHQ9azhFg8MSEmS0QvLrZ+oIbJc=",
        "owner": "NixOS",
        "repo": "nixpkgs",
        "rev": "d5be49efa92f7ba608fb566a0cb6583d6fc24fab",
        "type": "github"
      },
      "original": {
        "owner": "NixOS",
        "ref": "master",
        "repo": "nixpkgs",
        "type": "github"
      }
    },
    "root": {
      "inputs": {
        "nixpkgs": "nixpkgs"
      }
    }
  },
  "root": "root",
  "version": 7
}
